
Microsoft Visual Studio Solution File, Format Version 12.00
# Visual Studio Version 17
VisualStudioVersion = 17.4.33205.214
MinimumVisualStudioVersion = 10.0.40219.1
Project("{9A19103F-16F7-4668-BE54-9A1E7A4F7556}") = "Reefact.LivingDocumentation.Attributes", "Reefact.LivingDocumentation.Attributes\Reefact.LivingDocumentation.Attributes.csproj", "{EC3E1159-6B16-4E96-B779-686ABF0BB925}"
EndProject
Project("{2150E333-8FDC-42A3-9474-1A3956D46DE8}") = "Sources", "Sources", "{75B7F571-5305-40A1-9851-2742CC519E7B}"
EndProject
Project("{2150E333-8FDC-42A3-9474-1A3956D46DE8}") = "Samples", "Samples", "{9C0B4D2A-31F6-4A55-8E77-6D2C1B9E4A83}"
EndProject
Project("{9A19103F-16F7-4668-BE54-9A1E7A4F7556}") = "Reefact.LivingDocumentation.Attributes.Usage", "Reefact.LivingDocumentation.Attributes.Usage\Reefact.LivingDocumentation.Attributes.Usage.csproj", "{2F5C1A8E-6B3D-4E27-9C41-0D8A7B6E5F30}"
EndProject
Project("{FAE04EC0-301F-11D3-BF4B-00C04F79EFBC}") = "Reefact.LivingDocumentation.Attributes.Tests", "Reefact.LivingDocumentation.Attributes.Tests\Reefact.LivingDocumentation.Attributes.Tests.csproj", "{B7B9E494-E1A0-43F0-B353-ABD56A8DC83A}"
EndProject
Project("{FAE04EC0-301F-11D3-BF4B-00C04F79EFBC}") = "Reefact.LivingDocumentation.Attributes.Usage.TrainOperations", "Reefact.LivingDocumentation.Attributes.Usage.TrainOperations\Reefact.LivingDocumentation.Attributes.Usage.TrainOperations.csproj", "{830850EB-298B-407E-848B-91B88760114D}"
EndProject
Project("{FAE04EC0-301F-11D3-BF4B-00C04F79EFBC}") = "Reefact.LivingDocumentation.Attributes.Usage.RailNetwork", "Reefact.LivingDocumentation.Attributes.Usage.RailNetwork\Reefact.LivingDocumentation.Attributes.Usage.RailNetwork.csproj", "{07730597-6222-46E8-AB97-666F4E9C1BB4}"
EndProject
Project("{FAE04EC0-301F-11D3-BF4B-00C04F79EFBC}") = "Reefact.LivingDocumentation.Attributes.Usage.TrainOperations.Contracts", "Reefact.LivingDocumentation.Attributes.Usage.TrainOperations.Contracts\Reefact.LivingDocumentation.Attributes.Usage.TrainOperations.Contracts.csproj", "{7297E2EA-8F18-4FED-A821-82CCF3C3A533}"
EndProject
Project("{FAE04EC0-301F-11D3-BF4B-00C04F79EFBC}") = "Reefact.LivingDocumentation.Attributes.Usage.Invoicing", "Reefact.LivingDocumentation.Attributes.Usage.Invoicing\Reefact.LivingDocumentation.Attributes.Usage.Invoicing.csproj", "{40984810-D953-4989-9171-6C9CD1D29B1B}"
EndProject
Project("{FAE04EC0-301F-11D3-BF4B-00C04F79EFBC}") = "Reefact.LivingDocumentation.Attributes.Usage.ParkingPermits", "Reefact.LivingDocumentation.Attributes.Usage.ParkingPermits\Reefact.LivingDocumentation.Attributes.Usage.ParkingPermits.csproj", "{2266D27B-4164-49BC-99CF-1356993FD39E}"
EndProject
Global
	GlobalSection(SolutionConfigurationPlatforms) = preSolution
		Debug|Any CPU = Debug|Any CPU
		Debug|x64 = Debug|x64
		Debug|x86 = Debug|x86
		Release|Any CPU = Release|Any CPU
		Release|x64 = Release|x64
		Release|x86 = Release|x86
	EndGlobalSection
	GlobalSection(ProjectConfigurationPlatforms) = postSolution
		{EC3E1159-6B16-4E96-B779-686ABF0BB925}.Debug|Any CPU.ActiveCfg = Debug|Any CPU
		{EC3E1159-6B16-4E96-B779-686ABF0BB925}.Debug|Any CPU.Build.0 = Debug|Any CPU
		{EC3E1159-6B16-4E96-B779-686ABF0BB925}.Debug|x64.ActiveCfg = Debug|Any CPU
		{EC3E1159-6B16-4E96-B779-686ABF0BB925}.Debug|x64.Build.0 = Debug|Any CPU
		{EC3E1159-6B16-4E96-B779-686ABF0BB925}.Debug|x86.ActiveCfg = Debug|Any CPU
		{EC3E1159-6B16-4E96-B779-686ABF0BB925}.Debug|x86.Build.0 = Debug|Any CPU
		{EC3E1159-6B16-4E96-B779-686ABF0BB925}.Release|Any CPU.ActiveCfg = Release|Any CPU
		{EC3E1159-6B16-4E96-B779-686ABF0BB925}.Release|Any CPU.Build.0 = Release|Any CPU
		{EC3E1159-6B16-4E96-B779-686ABF0BB925}.Release|x64.ActiveCfg = Release|Any CPU
		{EC3E1159-6B16-4E96-B779-686ABF0BB925}.Release|x64.Build.0 = Release|Any CPU
		{EC3E1159-6B16-4E96-B779-686ABF0BB925}.Release|x86.ActiveCfg = Release|Any CPU
		{EC3E1159-6B16-4E96-B779-686ABF0BB925}.Release|x86.Build.0 = Release|Any CPU
		{2F5C1A8E-6B3D-4E27-9C41-0D8A7B6E5F30}.Debug|Any CPU.ActiveCfg = Debug|Any CPU
		{2F5C1A8E-6B3D-4E27-9C41-0D8A7B6E5F30}.Debug|Any CPU.Build.0 = Debug|Any CPU
		{2F5C1A8E-6B3D-4E27-9C41-0D8A7B6E5F30}.Debug|x64.ActiveCfg = Debug|Any CPU
		{2F5C1A8E-6B3D-4E27-9C41-0D8A7B6E5F30}.Debug|x64.Build.0 = Debug|Any CPU
		{2F5C1A8E-6B3D-4E27-9C41-0D8A7B6E5F30}.Debug|x86.ActiveCfg = Debug|Any CPU
		{2F5C1A8E-6B3D-4E27-9C41-0D8A7B6E5F30}.Debug|x86.Build.0 = Debug|Any CPU
		{2F5C1A8E-6B3D-4E27-9C41-0D8A7B6E5F30}.Release|Any CPU.ActiveCfg = Release|Any CPU
		{2F5C1A8E-6B3D-4E27-9C41-0D8A7B6E5F30}.Release|Any CPU.Build.0 = Release|Any CPU
		{2F5C1A8E-6B3D-4E27-9C41-0D8A7B6E5F30}.Release|x64.ActiveCfg = Release|Any CPU
		{2F5C1A8E-6B3D-4E27-9C41-0D8A7B6E5F30}.Release|x64.Build.0 = Release|Any CPU
		{2F5C1A8E-6B3D-4E27-9C41-0D8A7B6E5F30}.Release|x86.ActiveCfg = Release|Any CPU
		{2F5C1A8E-6B3D-4E27-9C41-0D8A7B6E5F30}.Release|x86.Build.0 = Release|Any CPU
		{B7B9E494-E1A0-43F0-B353-ABD56A8DC83A}.Debug|Any CPU.ActiveCfg = Debug|Any CPU
		{B7B9E494-E1A0-43F0-B353-ABD56A8DC83A}.Debug|Any CPU.Build.0 = Debug|Any CPU
		{B7B9E494-E1A0-43F0-B353-ABD56A8DC83A}.Debug|x64.ActiveCfg = Debug|Any CPU
		{B7B9E494-E1A0-43F0-B353-ABD56A8DC83A}.Debug|x64.Build.0 = Debug|Any CPU
		{B7B9E494-E1A0-43F0-B353-ABD56A8DC83A}.Debug|x86.ActiveCfg = Debug|Any CPU
		{B7B9E494-E1A0-43F0-B353-ABD56A8DC83A}.Debug|x86.Build.0 = Debug|Any CPU
		{B7B9E494-E1A0-43F0-B353-ABD56A8DC83A}.Release|Any CPU.ActiveCfg = Release|Any CPU
		{B7B9E494-E1A0-43F0-B353-ABD56A8DC83A}.Release|Any CPU.Build.0 = Release|Any CPU
		{B7B9E494-E1A0-43F0-B353-ABD56A8DC83A}.Release|x64.ActiveCfg = Release|Any CPU
		{B7B9E494-E1A0-43F0-B353-ABD56A8DC83A}.Release|x64.Build.0 = Release|Any CPU
		{B7B9E494-E1A0-43F0-B353-ABD56A8DC83A}.Release|x86.ActiveCfg = Release|Any CPU
		{B7B9E494-E1A0-43F0-B353-ABD56A8DC83A}.Release|x86.Build.0 = Release|Any CPU
		{830850EB-298B-407E-848B-91B88760114D}.Debug|Any CPU.ActiveCfg = Debug|Any CPU
		{830850EB-298B-407E-848B-91B88760114D}.Debug|Any CPU.Build.0 = Debug|Any CPU
		{830850EB-298B-407E-848B-91B88760114D}.Debug|x64.ActiveCfg = Debug|Any CPU
		{830850EB-298B-407E-848B-91B88760114D}.Debug|x64.Build.0 = Debug|Any CPU
		{830850EB-298B-407E-848B-91B88760114D}.Debug|x86.ActiveCfg = Debug|Any CPU
		{830850EB-298B-407E-848B-91B88760114D}.Debug|x86.Build.0 = Debug|Any CPU
		{830850EB-298B-407E-848B-91B88760114D}.Release|Any CPU.ActiveCfg = Release|Any CPU
		{830850EB-298B-407E-848B-91B88760114D}.Release|Any CPU.Build.0 = Release|Any CPU
		{830850EB-298B-407E-848B-91B88760114D}.Release|x64.ActiveCfg = Release|Any CPU
		{830850EB-298B-407E-848B-91B88760114D}.Release|x64.Build.0 = Release|Any CPU
		{830850EB-298B-407E-848B-91B88760114D}.Release|x86.ActiveCfg = Release|Any CPU
		{830850EB-298B-407E-848B-91B88760114D}.Release|x86.Build.0 = Release|Any CPU
		{07730597-6222-46E8-AB97-666F4E9C1BB4}.Debug|Any CPU.ActiveCfg = Debug|Any CPU
		{07730597-6222-46E8-AB97-666F4E9C1BB4}.Debug|Any CPU.Build.0 = Debug|Any CPU
		{07730597-6222-46E8-AB97-666F4E9C1BB4}.Debug|x64.ActiveCfg = Debug|Any CPU
		{07730597-6222-46E8-AB97-666F4E9C1BB4}.Debug|x64.Build.0 = Debug|Any CPU
		{07730597-6222-46E8-AB97-666F4E9C1BB4}.Debug|x86.ActiveCfg = Debug|Any CPU
		{07730597-6222-46E8-AB97-666F4E9C1BB4}.Debug|x86.Build.0 = Debug|Any CPU
		{07730597-6222-46E8-AB97-666F4E9C1BB4}.Release|Any CPU.ActiveCfg = Release|Any CPU
		{07730597-6222-46E8-AB97-666F4E9C1BB4}.Release|Any CPU.Build.0 = Release|Any CPU
		{07730597-6222-46E8-AB97-666F4E9C1BB4}.Release|x64.ActiveCfg = Release|Any CPU
		{07730597-6222-46E8-AB97-666F4E9C1BB4}.Release|x64.Build.0 = Release|Any CPU
		{07730597-6222-46E8-AB97-666F4E9C1BB4}.Release|x86.ActiveCfg = Release|Any CPU
		{07730597-6222-46E8-AB97-666F4E9C1BB4}.Release|x86.Build.0 = Release|Any CPU
		{7297E2EA-8F18-4FED-A821-82CCF3C3A533}.Debug|Any CPU.ActiveCfg = Debug|Any CPU
		{7297E2EA-8F18-4FED-A821-82CCF3C3A533}.Debug|Any CPU.Build.0 = Debug|Any CPU
		{7297E2EA-8F18-4FED-A821-82CCF3C3A533}.Debug|x64.ActiveCfg = Debug|Any CPU
		{7297E2EA-8F18-4FED-A821-82CCF3C3A533}.Debug|x64.Build.0 = Debug|Any CPU
		{7297E2EA-8F18-4FED-A821-82CCF3C3A533}.Debug|x86.ActiveCfg = Debug|Any CPU
		{7297E2EA-8F18-4FED-A821-82CCF3C3A533}.Debug|x86.Build.0 = Debug|Any CPU
		{7297E2EA-8F18-4FED-A821-82CCF3C3A533}.Release|Any CPU.ActiveCfg = Release|Any CPU
		{7297E2EA-8F18-4FED-A821-82CCF3C3A533}.Release|Any CPU.Build.0 = Release|Any CPU
		{7297E2EA-8F18-4FED-A821-82CCF3C3A533}.Release|x64.ActiveCfg = Release|Any CPU
		{7297E2EA-8F18-4FED-A821-82CCF3C3A533}.Release|x64.Build.0 = Release|Any CPU
		{7297E2EA-8F18-4FED-A821-82CCF3C3A533}.Release|x86.ActiveCfg = Release|Any CPU
		{7297E2EA-8F18-4FED-A821-82CCF3C3A533}.Release|x86.Build.0 = Release|Any CPU
		{40984810-D953-4989-9171-6C9CD1D29B1B}.Debug|Any CPU.ActiveCfg = Debug|Any CPU
		{40984810-D953-4989-9171-6C9CD1D29B1B}.Debug|Any CPU.Build.0 = Debug|Any CPU
		{40984810-D953-4989-9171-6C9CD1D29B1B}.Debug|x64.ActiveCfg = Debug|Any CPU
		{40984810-D953-4989-9171-6C9CD1D29B1B}.Debug|x64.Build.0 = Debug|Any CPU
		{40984810-D953-4989-9171-6C9CD1D29B1B}.Debug|x86.ActiveCfg = Debug|Any CPU
		{40984810-D953-4989-9171-6C9CD1D29B1B}.Debug|x86.Build.0 = Debug|Any CPU
		{40984810-D953-4989-9171-6C9CD1D29B1B}.Release|Any CPU.ActiveCfg = Release|Any CPU
		{40984810-D953-4989-9171-6C9CD1D29B1B}.Release|Any CPU.Build.0 = Release|Any CPU
		{40984810-D953-4989-9171-6C9CD1D29B1B}.Release|x64.ActiveCfg = Release|Any CPU
		{40984810-D953-4989-9171-6C9CD1D29B1B}.Release|x64.Build.0 = Release|Any CPU
		{40984810-D953-4989-9171-6C9CD1D29B1B}.Release|x86.ActiveCfg = Release|Any CPU
		{40984810-D953-4989-9171-6C9CD1D29B1B}.Release|x86.Build.0 = Release|Any CPU
		{2266D27B-4164-49BC-99CF-1356993FD39E}.Debug|Any CPU.ActiveCfg = Debug|Any CPU
		{2266D27B-4164-49BC-99CF-1356993FD39E}.Debug|Any CPU.Build.0 = Debug|Any CPU
		{2266D27B-4164-49BC-99CF-1356993FD39E}.Debug|x64.ActiveCfg = Debug|Any CPU
		{2266D27B-4164-49BC-99CF-1356993FD39E}.Debug|x64.Build.0 = Debug|Any CPU
		{2266D27B-4164-49BC-99CF-1356993FD39E}.Debug|x86.ActiveCfg = Debug|Any CPU
		{2266D27B-4164-49BC-99CF-1356993FD39E}.Debug|x86.Build.0 = Debug|Any CPU
		{2266D27B-4164-49BC-99CF-1356993FD39E}.Release|Any CPU.ActiveCfg = Release|Any CPU
		{2266D27B-4164-49BC-99CF-1356993FD39E}.Release|Any CPU.Build.0 = Release|Any CPU
		{2266D27B-4164-49BC-99CF-1356993FD39E}.Release|x64.ActiveCfg = Release|Any CPU
		{2266D27B-4164-49BC-99CF-1356993FD39E}.Release|x64.Build.0 = Release|Any CPU
		{2266D27B-4164-49BC-99CF-1356993FD39E}.Release|x86.ActiveCfg = Release|Any CPU
		{2266D27B-4164-49BC-99CF-1356993FD39E}.Release|x86.Build.0 = Release|Any CPU
	EndGlobalSection
	GlobalSection(SolutionProperties) = preSolution
		HideSolutionNode = FALSE
	EndGlobalSection
	GlobalSection(NestedProjects) = preSolution
		{EC3E1159-6B16-4E96-B779-686ABF0BB925} = {75B7F571-5305-40A1-9851-2742CC519E7B}
		{2F5C1A8E-6B3D-4E27-9C41-0D8A7B6E5F30} = {9C0B4D2A-31F6-4A55-8E77-6D2C1B9E4A83}
	EndGlobalSection
	GlobalSection(ExtensibilityGlobals) = postSolution
		SolutionGuid = {48E0D505-4A96-475A-8EDD-756EDAF06FCF}
	EndGlobalSection
EndGlobal
